
Microsoft Visual Studio Solution File, Format Version 12.00
# Visual Studio 15
Project("{FAE04EC0-301F-11D3-BF4B-00C04F79EFBC}") = "Assembly-CSharp-Editor", "Assembly-CSharp-Editor.csproj", "{CBEB3CBF-E3E6-4398-1BC9-23932BB56620}"
EndProject
Project("{FAE04EC0-301F-11D3-BF4B-00C04F79EFBC}") = "Assembly-CSharp", "Assembly-CSharp.csproj", "{CE03AC59-8FB1-C6E2-040F-0B3F299535C0}"
EndProject
Global
	GlobalSection(SolutionConfigurationPlatforms) = preSolution
		Debug|Any CPU = Debug|Any CPU
		Release|Any CPU = Release|Any CPU
	EndGlobalSection
	GlobalSection(ProjectConfigurationPlatforms) = postSolution
		{CBEB3CBF-E3E6-4398-1BC9-23932BB56620}.Debug|Any CPU.ActiveCfg = Debug|Any CPU
		{CBEB3CBF-E3E6-4398-1BC9-23932BB56620}.Debug|Any CPU.Build.0 = Debug|Any CPU
		{CBEB3CBF-E3E6-4398-1BC9-23932BB56620}.Release|Any CPU.ActiveCfg = Release|Any CPU
		{CBEB3CBF-E3E6-4398-1BC9-23932BB56620}.Release|Any CPU.Build.0 = Release|Any CPU
		{CE03AC59-8FB1-C6E2-040F-0B3F299535C0}.Debug|Any CPU.ActiveCfg = Debug|Any CPU
		{CE03AC59-8FB1-C6E2-040F-0B3F299535C0}.Debug|Any CPU.Build.0 = Debug|Any CPU
		{CE03AC59-8FB1-C6E2-040F-0B3F299535C0}.Release|Any CPU.ActiveCfg = Release|Any CPU
		{CE03AC59-8FB1-C6E2-040F-0B3F299535C0}.Release|Any CPU.Build.0 = Release|Any CPU
	EndGlobalSection
	GlobalSection(SolutionProperties) = preSolution
		HideSolutionNode = FALSE
	EndGlobalSection
EndGlobal
